
Microsoft Visual Studio Solution File, Format Version 12.00
# Visual Studio Version 16
VisualStudioVersion = 16.0.31702.278
MinimumVisualStudioVersion = 10.0.40219.1
Project("{FAE04EC0-301F-11D3-BF4B-00C04F79EFBC}") = "AbstractFactory", "AbstractFactory\AbstractFactory.csproj", "{DFE373BE-6F09-4068-8739-5A71ACE2AD79}"
EndProject
Global
	GlobalSection(SolutionConfigurationPlatforms) = preSolution
		Debug|Any CPU = Debug|Any CPU
		Release|Any CPU = Release|Any CPU
	EndGlobalSection
	GlobalSection(ProjectConfigurationPlatforms) = postSolution
		{DFE373BE-6F09-4068-8739-5A71ACE2AD79}.Debug|Any CPU.ActiveCfg = Debug|Any CPU
		{DFE373BE-6F09-4068-8739-5A71ACE2AD79}.Debug|Any CPU.Build.0 = Debug|Any CPU
		{DFE373BE-6F09-4068-8739-5A71ACE2AD79}.Release|Any CPU.ActiveCfg = Release|Any CPU
		{DFE373BE-6F09-4068-8739-5A71ACE2AD79}.Release|Any CPU.Build.0 = Release|Any CPU
	EndGlobalSection
	GlobalSection(SolutionProperties) = preSolution
		HideSolutionNode = FALSE
	EndGlobalSection
	GlobalSection(ExtensibilityGlobals) = postSolution
		SolutionGuid = {FB7A179F-C8DF-4C00-8CFE-86F6483EA620}
	EndGlobalSection
EndGlobal
